// !$*UTF8*$!
{
	archiveVersion = 1;
	classes = {
	};
	objectVersion = 50;
	objects = {

/* Begin PBXBuildFile section */
		BD5C2D642280510700AD1BB3 /* input.txt in CopyFiles */ = {isa = PBXBuildFile; fileRef = BD5C2D622280501B00AD1BB3 /* input.txt */; };
		BD5C2D6C2280515E00AD1BB3 /* AoCTests.swift in Sources */ = {isa = PBXBuildFile; fileRef = BD5C2D6B2280515E00AD1BB3 /* AoCTests.swift */; };
		BDA9E040227F3B4D0048100F /* main.swift in Sources */ = {isa = PBXBuildFile; fileRef = BDA9E03F227F3B4D0048100F /* main.swift */; };
		BDB92E6F2280598B00023A7F /* main.swift in Sources */ = {isa = PBXBuildFile; fileRef = BDA9E03F227F3B4D0048100F /* main.swift */; };
/* End PBXBuildFile section */

/* Begin PBXContainerItemProxy section */
		BD5C2D712280543500AD1BB3 /* PBXContainerItemProxy */ = {
			isa = PBXContainerItemProxy;
			containerPortal = BDA9E034227F3B4D0048100F /* Project object */;
			proxyType = 1;
			remoteGlobalIDString = BDA9E03B227F3B4D0048100F;
			remoteInfo = AoC;
		};
/* End PBXContainerItemProxy section */

/* Begin PBXCopyFilesBuildPhase section */
		BD5C2D63228050F100AD1BB3 /* CopyFiles */ = {
			isa = PBXCopyFilesBuildPhase;
			buildActionMask = 2147483647;
			dstPath = "";
			dstSubfolderSpec = 7;
			files = (
				BD5C2D642280510700AD1BB3 /* input.txt in CopyFiles */,
			);
			runOnlyForDeploymentPostprocessing = 0;
		};
		BDA9E03A227F3B4D0048100F /* CopyFiles */ = {
			isa = PBXCopyFilesBuildPhase;
			buildActionMask = 2147483647;
			dstPath = /usr/share/man/man1;
			dstSubfolderSpec = 0;
			files = (
			);
			runOnlyForDeploymentPostprocessing = 1;
		};
/* End PBXCopyFilesBuildPhase section */

/* Begin PBXFileReference section */
		BD5C2D622280501B00AD1BB3 /* input.txt */ = {isa = PBXFileReference; lastKnownFileType = text; path = input.txt; sourceTree = "<group>"; };
		BD5C2D692280515E00AD1BB3 /* AoCTests.xctest */ = {isa = PBXFileReference; explicitFileType = wrapper.cfbundle; includeInIndex = 0; path = AoCTests.xctest; sourceTree = BUILT_PRODUCTS_DIR; };
		BD5C2D6B2280515E00AD1BB3 /* AoCTests.swift */ = {isa = PBXFileReference; lastKnownFileType = sourcecode.swift; path = AoCTests.swift; sourceTree = "<group>"; };
		BD5C2D6D2280515E00AD1BB3 /* Info.plist */ = {isa = PBXFileReference; lastKnownFileType = text.plist.xml; path = Info.plist; sourceTree = "<group>"; };
		BDA9E03C227F3B4D0048100F /* AoC */ = {isa = PBXFileReference; explicitFileType = "compiled.mach-o.executable"; includeInIndex = 0; path = AoC; sourceTree = BUILT_PRODUCTS_DIR; };
		BDA9E03F227F3B4D0048100F /* main.swift */ = {isa = PBXFileReference; lastKnownFileType = sourcecode.swift; path = main.swift; sourceTree = "<group>"; };
/* End PBXFileReference section */

/* Begin PBXFrameworksBuildPhase section */
		BD5C2D662280515E00AD1BB3 /* Frameworks */ = {
			isa = PBXFrameworksBuildPhase;
			buildActionMask = 2147483647;
			files = (
			);
			runOnlyForDeploymentPostprocessing = 0;
		};
		BDA9E039227F3B4D0048100F /* Frameworks */ = {
			isa = PBXFrameworksBuildPhase;
			buildActionMask = 2147483647;
			files = (
			);
			runOnlyForDeploymentPostprocessing = 0;
		};
/* End PBXFrameworksBuildPhase section */

/* Begin PBXGroup section */
		BD5C2D6A2280515E00AD1BB3 /* AoCTests */ = {
			isa = PBXGroup;
			children = (
				BD5C2D6B2280515E00AD1BB3 /* AoCTests.swift */,
				BD5C2D6D2280515E00AD1BB3 /* Info.plist */,
			);
			path = AoCTests;
			sourceTree = "<group>";
		};
		BDA9E033227F3B4D0048100F = {
			isa = PBXGroup;
			children = (
				BDA9E03E227F3B4D0048100F /* AoC */,
				BD5C2D6A2280515E00AD1BB3 /* AoCTests */,
				BDA9E03D227F3B4D0048100F /* Products */,
			);
			sourceTree = "<group>";
		};
		BDA9E03D227F3B4D0048100F /* Products */ = {
			isa = PBXGroup;
			children = (
				BDA9E03C227F3B4D0048100F /* AoC */,
				BD5C2D692280515E00AD1BB3 /* AoCTests.xctest */,
			);
			name = Products;
			sourceTree = "<group>";
		};
		BDA9E03E227F3B4D0048100F /* AoC */ = {
			isa = PBXGroup;
			children = (
				BD5C2D622280501B00AD1BB3 /* input.txt */,
				BDA9E03F227F3B4D0048100F /* main.swift */,
			);
			path = AoC;
			sourceTree = "<group>";
		};
/* End PBXGroup section */

/* Begin PBXNativeTarget section */
		BD5C2D682280515E00AD1BB3 /* AoCTests */ = {
			isa = PBXNativeTarget;
			buildConfigurationList = BD5C2D6E2280515E00AD1BB3 /* Build configuration list for PBXNativeTarget "AoCTests" */;
			buildPhases = (
				BD5C2D652280515E00AD1BB3 /* Sources */,
				BD5C2D662280515E00AD1BB3 /* Frameworks */,
				BD5C2D672280515E00AD1BB3 /* Resources */,
			);
			buildRules = (
			);
			dependencies = (
				BD5C2D722280543500AD1BB3 /* PBXTargetDependency */,
			);
			name = AoCTests;
			productName = AoCTests;
			productReference = BD5C2D692280515E00AD1BB3 /* AoCTests.xctest */;
			productType = "com.apple.product-type.bundle.unit-test";
		};
		BDA9E03B227F3B4D0048100F /* AoC */ = {
			isa = PBXNativeTarget;
			buildConfigurationList = BDA9E043227F3B4D0048100F /* Build configuration list for PBXNativeTarget "AoC" */;
			buildPhases = (
				BDA9E038227F3B4D0048100F /* Sources */,
				BDA9E039227F3B4D0048100F /* Frameworks */,
				BDA9E03A227F3B4D0048100F /* CopyFiles */,
				BD5C2D63228050F100AD1BB3 /* CopyFiles */,
			);
			buildRules = (
			);
			dependencies = (
			);
			name = AoC;
			productName = AoC;
			productReference = BDA9E03C227F3B4D0048100F /* AoC */;
			productType = "com.apple.product-type.tool";
		};
/* End PBXNativeTarget section */

/* Begin PBXProject section */
		BDA9E034227F3B4D0048100F /* Project object */ = {
			isa = PBXProject;
			attributes = {
				LastSwiftUpdateCheck = 1020;
				LastUpgradeCheck = 1020;
				ORGANIZATIONNAME = "Ivan Chalov";
				TargetAttributes = {
					BD5C2D682280515E00AD1BB3 = {
						CreatedOnToolsVersion = 10.2.1;
					};
					BDA9E03B227F3B4D0048100F = {
						CreatedOnToolsVersion = 10.2.1;
					};
				};
			};
			buildConfigurationList = BDA9E037227F3B4D0048100F /* Build configuration list for PBXProject "AoC" */;
			compatibilityVersion = "Xcode 9.3";
			developmentRegion = en;
			hasScannedForEncodings = 0;
			knownRegions = (
				en,
				Base,
			);
			mainGroup = BDA9E033227F3B4D0048100F;
			productRefGroup = BDA9E03D227F3B4D0048100F /* Products */;
			projectDirPath = "";
			projectRoot = "";
			targets = (
				BDA9E03B227F3B4D0048100F /* AoC */,
				BD5C2D682280515E00AD1BB3 /* AoCTests */,
			);
		};
/* End PBXProject section */

/* Begin PBXResourcesBuildPhase section */
		BD5C2D672280515E00AD1BB3 /* Resources */ = {
			isa = PBXResourcesBuildPhase;
			buildActionMask = 2147483647;
			files = (
			);
			runOnlyForDeploymentPostprocessing = 0;
		};
/* End PBXResourcesBuildPhase section */

/* Begin PBXSourcesBuildPhase section */
		BD5C2D652280515E00AD1BB3 /* Sources */ = {
			isa = PBXSourcesBuildPhase;
			buildActionMask = 2147483647;
			files = (
				BDB92E6F2280598B00023A7F /* main.swift in Sources */,
				BD5C2D6C2280515E00AD1BB3 /* AoCTests.swift in Sources */,
			);
			runOnlyForDeploymentPostprocessing = 0;
		};
		BDA9E038227F3B4D0048100F /* Sources */ = {
			isa = PBXSourcesBuildPhase;
			buildActionMask = 2147483647;
			files = (
				BDA9E040227F3B4D0048100F /* main.swift in Sources */,
			);
			runOnlyForDeploymentPostprocessing = 0;
		};
/* End PBXSourcesBuildPhase section */

/* Begin PBXTargetDependency section */
		BD5C2D722280543500AD1BB3 /* PBXTargetDependency */ = {
			isa = PBXTargetDependency;
			target = BDA9E03B227F3B4D0048100F /* AoC */;
			targetProxy = BD5C2D712280543500AD1BB3 /* PBXContainerItemProxy */;
		};
/* End PBXTargetDependency section */

/* Begin XCBuildConfiguration section */
		BD5C2D6F2280515E00AD1BB3 /* Debug */ = {
			isa = XCBuildConfiguration;
			buildSettings = {
				CODE_SIGN_STYLE = Automatic;
				COMBINE_HIDPI_IMAGES = YES;
				DEVELOPMENT_TEAM = N3Q26MAT3X;
				INFOPLIST_FILE = AoCTests/Info.plist;
				LD_RUNPATH_SEARCH_PATHS = (
					"$(inherited)",
					"@executable_path/../Frameworks",
					"@loader_path/../Frameworks",
				);
				PRODUCT_BUNDLE_IDENTIFIER = com.mortigenus.AoCTests;
				PRODUCT_NAME = "$(TARGET_NAME)";
				SWIFT_VERSION = 5.0;
			};
			name = Debug;
		};
		BD5C2D702280515E00AD1BB3 /* Release */ = {
			isa = XCBuildConfiguration;
			buildSettings = {
				CODE_SIGN_STYLE = Automatic;
				COMBINE_HIDPI_IMAGES = YES;
				DEVELOPMENT_TEAM = N3Q26MAT3X;
				INFOPLIST_FILE = AoCTests/Info.plist;
				LD_RUNPATH_SEARCH_PATHS = (
					"$(inherited)",
					"@executable_path/../Frameworks",
					"@loader_path/../Frameworks",
				);
				PRODUCT_BUNDLE_IDENTIFIER = com.mortigenus.AoCTests;
				PRODUCT_NAME = "$(TARGET_NAME)";
				SWIFT_VERSION = 5.0;
			};
			name = Release;
		};
		BDA9E041227F3B4D0048100F /* Debug */ = {
			isa = XCBuildConfiguration;
			buildSettings = {
				ALWAYS_EMBED_SWIFT_STANDARD_LIBRARIES = NO;
				ALWAYS_SEARCH_USER_PATHS = NO;
				CLANG_ANALYZER_NONNULL = YES;
				CLANG_ANALYZER_NUMBER_OBJECT_CONVERSION = YES_AGGRESSIVE;
				CLANG_CXX_LANGUAGE_STANDARD = "gnu++14";
				CLANG_CXX_LIBRARY = "libc++";
				CLANG_ENABLE_MODULES = YES;
				CLANG_ENABLE_OBJC_ARC = YES;
				CLANG_ENABLE_OBJC_WEAK = YES;
				CLANG_WARN_BLOCK_CAPTURE_AUTORELEASING = YES;
				CLANG_WARN_BOOL_CONVERSION = YES;
				CLANG_WARN_COMMA = YES;
				CLANG_WARN_CONSTANT_CONVERSION = YES;
				CLANG_WARN_DEPRECATED_OBJC_IMPLEMENTATIONS = YES;
				CLANG_WARN_DIRECT_OBJC_ISA_USAGE = YES_ERROR;
				CLANG_WARN_DOCUMENTATION_COMMENTS = YES;
				CLANG_WARN_EMPTY_BODY = YES;
				CLANG_WARN_ENUM_CONVERSION = YES;
				CLANG_WARN_INFINITE_RECURSION = YES;
				CLANG_WARN_INT_CONVERSION = YES;
				CLANG_WARN_NON_LITERAL_NULL_CONVERSION = YES;
				CLANG_WARN_OBJC_IMPLICIT_RETAIN_SELF = YES;
				CLANG_WARN_OBJC_LITERAL_CONVERSION = YES;
				CLANG_WARN_OBJC_ROOT_CLASS = YES_ERROR;
				CLANG_WARN_RANGE_LOOP_ANALYSIS = YES;
				CLANG_WARN_STRICT_PROTOTYPES = YES;
				CLANG_WARN_SUSPICIOUS_MOVE = YES;
				CLANG_WARN_UNGUARDED_AVAILABILITY = YES_AGGRESSIVE;
				CLANG_WARN_UNREACHABLE_CODE = YES;
				CLANG_WARN__DUPLICATE_METHOD_MATCH = YES;
				CODE_SIGN_IDENTITY = "Mac Developer";
				COPY_PHASE_STRIP = NO;
				DEBUG_INFORMATION_FORMAT = dwarf;
				ENABLE_STRICT_OBJC_MSGSEND = YES;
				ENABLE_TESTABILITY = YES;
				GCC_C_LANGUAGE_STANDARD = gnu11;
				GCC_DYNAMIC_NO_PIC = NO;
				GCC_NO_COMMON_BLOCKS = YES;
				GCC_OPTIMIZATION_LEVEL = 0;
				GCC_PREPROCESSOR_DEFINITIONS = (
					"DEBUG=1",
					"$(inherited)",
				);
				GCC_WARN_64_TO_32_BIT_CONVERSION = YES;
				GCC_WARN_ABOUT_RETURN_TYPE = YES_ERROR;
				GCC_WARN_UNDECLARED_SELECTOR = YES;
				GCC_WARN_UNINITIALIZED_AUTOS = YES_AGGRESSIVE;
				GCC_WARN_UNUSED_FUNCTION = YES;
				GCC_WARN_UNUSED_VARIABLE = YES;
				MACOSX_DEPLOYMENT_TARGET = 10.14;
				MTL_ENABLE_DEBUG_INFO = INCLUDE_SOURCE;
				MTL_FAST_MATH = YES;
				ONLY_ACTIVE_ARCH = YES;
				SDKROOT = macosx;
				SWIFT_ACTIVE_COMPILATION_CONDITIONS = DEBUG;
				SWIFT_OPTIMIZATION_LEVEL = "-Onone";
			};
			name = Debug;
		};
		BDA9E042227F3B4D0048100F /* Release */ = {
			isa = XCBuildConfiguration;
			buildSettings = {
				ALWAYS_EMBED_SWIFT_STANDARD_LIBRARIES = NO;
				ALWAYS_SEARCH_USER_PATHS = NO;
				CLANG_ANALYZER_NONNULL = YES;
				CLANG_ANALYZER_NUMBER_OBJECT_CONVERSION = YES_AGGRESSIVE;
				CLANG_CXX_LANGUAGE_STANDARD = "gnu++14";
				CLANG_CXX_LIBRARY = "libc++";
				CLANG_ENABLE_MODULES = YES;
				CLANG_ENABLE_OBJC_ARC = YES;
				CLANG_ENABLE_OBJC_WEAK = YES;
				CLANG_WARN_BLOCK_CAPTURE_AUTORELEASING = YES;
				CLANG_WARN_BOOL_CONVERSION = YES;
				CLANG_WARN_COMMA = YES;
				CLANG_WARN_CONSTANT_CONVERSION = YES;
				CLANG_WARN_DEPRECATED_OBJC_IMPLEMENTATIONS = YES;
				CLANG_WARN_DIRECT_OBJC_ISA_USAGE = YES_ERROR;
				CLANG_WARN_DOCUMENTATION_COMMENTS = YES;
				CLANG_WARN_EMPTY_BODY = YES;
				CLANG_WARN_ENUM_CONVERSION = YES;
				CLANG_WARN_INFINITE_RECURSION = YES;
				CLANG_WARN_INT_CONVERSION = YES;
				CLANG_WARN_NON_LITERAL_NULL_CONVERSION = YES;
				CLANG_WARN_OBJC_IMPLICIT_RETAIN_SELF = YES;
				CLANG_WARN_OBJC_LITERAL_CONVERSION = YES;
				CLANG_WARN_OBJC_ROOT_CLASS = YES_ERROR;
				CLANG_WARN_RANGE_LOOP_ANALYSIS = YES;
				CLANG_WARN_STRICT_PROTOTYPES = YES;
				CLANG_WARN_SUSPICIOUS_MOVE = YES;
				CLANG_WARN_UNGUARDED_AVAILABILITY = YES_AGGRESSIVE;
				CLANG_WARN_UNREACHABLE_CODE = YES;
				CLANG_WARN__DUPLICATE_METHOD_MATCH = YES;
				CODE_SIGN_IDENTITY = "Mac Developer";
				COPY_PHASE_STRIP = NO;
				DEBUG_INFORMATION_FORMAT = "dwarf-with-dsym";
				ENABLE_NS_ASSERTIONS = NO;
				ENABLE_STRICT_OBJC_MSGSEND = YES;
				GCC_C_LANGUAGE_STANDARD = gnu11;
				GCC_NO_COMMON_BLOCKS = YES;
				GCC_WARN_64_TO_32_BIT_CONVERSION = YES;
				GCC_WARN_ABOUT_RETURN_TYPE = YES_ERROR;
				GCC_WARN_UNDECLARED_SELECTOR = YES;
				GCC_WARN_UNINITIALIZED_AUTOS = YES_AGGRESSIVE;
				GCC_WARN_UNUSED_FUNCTION = YES;
				GCC_WARN_UNUSED_VARIABLE = YES;
				MACOSX_DEPLOYMENT_TARGET = 10.14;
				MTL_ENABLE_DEBUG_INFO = NO;
				MTL_FAST_MATH = YES;
				SDKROOT = macosx;
				SWIFT_COMPILATION_MODE = wholemodule;
				SWIFT_OPTIMIZATION_LEVEL = "-O";
			};
			name = Release;
		};
		BDA9E044227F3B4D0048100F /* Debug */ = {
			isa = XCBuildConfiguration;
			buildSettings = {
				ALWAYS_EMBED_SWIFT_STANDARD_LIBRARIES = NO;
				CODE_SIGN_STYLE = Automatic;
				DEVELOPMENT_TEAM = N3Q26MAT3X;
				GCC_OPTIMIZATION_LEVEL = 3;
				LD_RUNPATH_SEARCH_PATHS = (
					"$(TOOLCHAIN_DIR)/usr/lib/swift/macosx",
					"@executable_path",
				);
				PRODUCT_NAME = "$(TARGET_NAME)";
				SWIFT_VERSION = 5.0;
			};
			name = Debug;
		};
		BDA9E045227F3B4D0048100F /* Release */ = {
			isa = XCBuildConfiguration;
			buildSettings = {
				ALWAYS_EMBED_SWIFT_STANDARD_LIBRARIES = NO;
				CODE_SIGN_STYLE = Automatic;
				DEVELOPMENT_TEAM = N3Q26MAT3X;
				LD_RUNPATH_SEARCH_PATHS = (
					"$(TOOLCHAIN_DIR)/usr/lib/swift/macosx",
					"@executable_path",
				);
				PRODUCT_NAME = "$(TARGET_NAME)";
				SWIFT_VERSION = 5.0;
			};
			name = Release;
		};
/* End XCBuildConfiguration section */

/* Begin XCConfigurationList section */
		BD5C2D6E2280515E00AD1BB3 /* Build configuration list for PBXNativeTarget "AoCTests" */ = {
			isa = XCConfigurationList;
			buildConfigurations = (
				BD5C2D6F2280515E00AD1BB3 /* Debug */,
				BD5C2D702280515E00AD1BB3 /* Release */,
			);
			defaultConfigurationIsVisible = 0;
			defaultConfigurationName = Release;
		};
		BDA9E037227F3B4D0048100F /* Build configuration list for PBXProject "AoC" */ = {
			isa = XCConfigurationList;
			buildConfigurations = (
				BDA9E041227F3B4D0048100F /* Debug */,
				BDA9E042227F3B4D0048100F /* Release */,
			);
			defaultConfigurationIsVisible = 0;
			defaultConfigurationName = Release;
		};
		BDA9E043227F3B4D0048100F /* Build configuration list for PBXNativeTarget "AoC" */ = {
			isa = XCConfigurationList;
			buildConfigurations = (
				BDA9E044227F3B4D0048100F /* Debug */,
				BDA9E045227F3B4D0048100F /* Release */,
			);
			defaultConfigurationIsVisible = 0;
			defaultConfigurationName = Release;
		};
/* End XCConfigurationList section */
	};
	rootObject = BDA9E034227F3B4D0048100F /* Project object */;
}
